// !$*UTF8*$!
{
	archiveVersion = 1;
	classes = {
	};
	objectVersion = 50;
	objects = {

/* Begin PBXBuildFile section */
		FFC443122505CB64004A04E9 /* AppDelegate.swift in Sources */ = {isa = PBXBuildFile; fileRef = FFC443112505CB64004A04E9 /* AppDelegate.swift */; };
		FFC4431B2505CB65004A04E9 /* Assets.xcassets in Resources */ = {isa = PBXBuildFile; fileRef = FFC4431A2505CB65004A04E9 /* Assets.xcassets */; };
		FFC4431E2505CB65004A04E9 /* LaunchScreen.storyboard in Resources */ = {isa = PBXBuildFile; fileRef = FFC4431C2505CB65004A04E9 /* LaunchScreen.storyboard */; };
		FFC443292505CB66004A04E9 /* AboutPresenterTests.swift in Sources */ = {isa = PBXBuildFile; fileRef = FFC443282505CB66004A04E9 /* AboutPresenterTests.swift */; };
		FFC443382505CD47004A04E9 /* UIColor+Extensions.swift in Sources */ = {isa = PBXBuildFile; fileRef = FFC443372505CD47004A04E9 /* UIColor+Extensions.swift */; };
		FFC4433A2505CD56004A04E9 /* UIFont+Extensions.swift in Sources */ = {isa = PBXBuildFile; fileRef = FFC443392505CD56004A04E9 /* UIFont+Extensions.swift */; };
		FFC4433D2505CD69004A04E9 /* Display.swift in Sources */ = {isa = PBXBuildFile; fileRef = FFC4433C2505CD69004A04E9 /* Display.swift */; };
		FFC4433F2505CD92004A04E9 /* TitleDisplaying.swift in Sources */ = {isa = PBXBuildFile; fileRef = FFC4433E2505CD92004A04E9 /* TitleDisplaying.swift */; };
		FFC443412505CDD5004A04E9 /* LoadingDisplaying.swift in Sources */ = {isa = PBXBuildFile; fileRef = FFC443402505CDD5004A04E9 /* LoadingDisplaying.swift */; };
		FFC443442505CE82004A04E9 /* CellDisplayable.swift in Sources */ = {isa = PBXBuildFile; fileRef = FFC443432505CE82004A04E9 /* CellDisplayable.swift */; };
		FFC443462505CE9C004A04E9 /* Actions.swift in Sources */ = {isa = PBXBuildFile; fileRef = FFC443452505CE9C004A04E9 /* Actions.swift */; };
		FFC443482505CEC6004A04E9 /* Reusable.swift in Sources */ = {isa = PBXBuildFile; fileRef = FFC443472505CEC6004A04E9 /* Reusable.swift */; };
		FFC4434C2505CF08004A04E9 /* UIView+Embed.swift in Sources */ = {isa = PBXBuildFile; fileRef = FFC4434B2505CF08004A04E9 /* UIView+Embed.swift */; };
		FFC443532505D2BA004A04E9 /* APIManaging.swift in Sources */ = {isa = PBXBuildFile; fileRef = FFC443522505D2BA004A04E9 /* APIManaging.swift */; };
		FFC443552505D2F7004A04E9 /* HTTPMethod.swift in Sources */ = {isa = PBXBuildFile; fileRef = FFC443542505D2F7004A04E9 /* HTTPMethod.swift */; };
		FFC443572505D30B004A04E9 /* HTTPHeader.swift in Sources */ = {isa = PBXBuildFile; fileRef = FFC443562505D30B004A04E9 /* HTTPHeader.swift */; };
		FFC443592505D34E004A04E9 /* DataResult.swift in Sources */ = {isa = PBXBuildFile; fileRef = FFC443582505D34E004A04E9 /* DataResult.swift */; };
		FFC4435B2505D3CD004A04E9 /* API.swift in Sources */ = {isa = PBXBuildFile; fileRef = FFC4435A2505D3CD004A04E9 /* API.swift */; };
		FFC443632505D563004A04E9 /* AboutViewController.swift in Sources */ = {isa = PBXBuildFile; fileRef = FFC4435F2505D563004A04E9 /* AboutViewController.swift */; };
		FFC443652505D563004A04E9 /* AboutPresenter.swift in Sources */ = {isa = PBXBuildFile; fileRef = FFC443612505D563004A04E9 /* AboutPresenter.swift */; };
		FFC443672505D5A5004A04E9 /* AboutManager.swift in Sources */ = {isa = PBXBuildFile; fileRef = FFC443662505D5A5004A04E9 /* AboutManager.swift */; };
		FFC443692505D5FE004A04E9 /* Localizable.swift in Sources */ = {isa = PBXBuildFile; fileRef = FFC443682505D5FE004A04E9 /* Localizable.swift */; };
		FFC4436C2505D64C004A04E9 /* Localizable.strings in Resources */ = {isa = PBXBuildFile; fileRef = FFC4436B2505D64C004A04E9 /* Localizable.strings */; };
		FFC4436F2505D9C1004A04E9 /* AboutCell.swift in Sources */ = {isa = PBXBuildFile; fileRef = FFC4436E2505D9C1004A04E9 /* AboutCell.swift */; };
		FFC443712505DA45004A04E9 /* About.swift in Sources */ = {isa = PBXBuildFile; fileRef = FFC443702505DA45004A04E9 /* About.swift */; };
		FFC443752505E97A004A04E9 /* UIRefreshControl+Extensions.swift in Sources */ = {isa = PBXBuildFile; fileRef = FFC443742505E97A004A04E9 /* UIRefreshControl+Extensions.swift */; };
		FFC443772505EB84004A04E9 /* UIImageView+Extensions.swift in Sources */ = {isa = PBXBuildFile; fileRef = FFC443762505EB84004A04E9 /* UIImageView+Extensions.swift */; };
		FFC443792505FA70004A04E9 /* Optional+isNil.swift in Sources */ = {isa = PBXBuildFile; fileRef = FFC443782505FA70004A04E9 /* Optional+isNil.swift */; };
		FFC4437C2506233F004A04E9 /* MockDisplay.swift in Sources */ = {isa = PBXBuildFile; fileRef = FFC4437B2506233F004A04E9 /* MockDisplay.swift */; };
		FFC4437E250623CF004A04E9 /* About+Mock.swift in Sources */ = {isa = PBXBuildFile; fileRef = FFC4437D250623CF004A04E9 /* About+Mock.swift */; };
/* End PBXBuildFile section */

/* Begin PBXContainerItemProxy section */
		FFC443252505CB65004A04E9 /* PBXContainerItemProxy */ = {
			isa = PBXContainerItemProxy;
			containerPortal = FFC443062505CB64004A04E9 /* Project object */;
			proxyType = 1;
			remoteGlobalIDString = FFC4430D2505CB64004A04E9;
			remoteInfo = AboutCanada;
		};
/* End PBXContainerItemProxy section */

/* Begin PBXFileReference section */
		FFC4430E2505CB64004A04E9 /* AboutCanada.app */ = {isa = PBXFileReference; explicitFileType = wrapper.application; includeInIndex = 0; path = AboutCanada.app; sourceTree = BUILT_PRODUCTS_DIR; };
		FFC443112505CB64004A04E9 /* AppDelegate.swift */ = {isa = PBXFileReference; lastKnownFileType = sourcecode.swift; path = AppDelegate.swift; sourceTree = "<group>"; };
		FFC4431A2505CB65004A04E9 /* Assets.xcassets */ = {isa = PBXFileReference; lastKnownFileType = folder.assetcatalog; path = Assets.xcassets; sourceTree = "<group>"; };
		FFC4431D2505CB65004A04E9 /* Base */ = {isa = PBXFileReference; lastKnownFileType = file.storyboard; name = Base; path = Base.lproj/LaunchScreen.storyboard; sourceTree = "<group>"; };
		FFC4431F2505CB65004A04E9 /* Info.plist */ = {isa = PBXFileReference; lastKnownFileType = text.plist.xml; path = Info.plist; sourceTree = "<group>"; };
		FFC443242505CB65004A04E9 /* AboutCanadaTests.xctest */ = {isa = PBXFileReference; explicitFileType = wrapper.cfbundle; includeInIndex = 0; path = AboutCanadaTests.xctest; sourceTree = BUILT_PRODUCTS_DIR; };
		FFC443282505CB66004A04E9 /* AboutPresenterTests.swift */ = {isa = PBXFileReference; lastKnownFileType = sourcecode.swift; path = AboutPresenterTests.swift; sourceTree = "<group>"; };
		FFC4432A2505CB66004A04E9 /* Info.plist */ = {isa = PBXFileReference; lastKnownFileType = text.plist.xml; path = Info.plist; sourceTree = "<group>"; };
		FFC443372505CD47004A04E9 /* UIColor+Extensions.swift */ = {isa = PBXFileReference; lastKnownFileType = sourcecode.swift; path = "UIColor+Extensions.swift"; sourceTree = "<group>"; };
		FFC443392505CD56004A04E9 /* UIFont+Extensions.swift */ = {isa = PBXFileReference; lastKnownFileType = sourcecode.swift; path = "UIFont+Extensions.swift"; sourceTree = "<group>"; };
		FFC4433C2505CD69004A04E9 /* Display.swift */ = {isa = PBXFileReference; lastKnownFileType = sourcecode.swift; path = Display.swift; sourceTree = "<group>"; };
		FFC4433E2505CD92004A04E9 /* TitleDisplaying.swift */ = {isa = PBXFileReference; lastKnownFileType = sourcecode.swift; path = TitleDisplaying.swift; sourceTree = "<group>"; };
		FFC443402505CDD5004A04E9 /* LoadingDisplaying.swift */ = {isa = PBXFileReference; lastKnownFileType = sourcecode.swift; path = LoadingDisplaying.swift; sourceTree = "<group>"; };
		FFC443432505CE82004A04E9 /* CellDisplayable.swift */ = {isa = PBXFileReference; lastKnownFileType = sourcecode.swift; path = CellDisplayable.swift; sourceTree = "<group>"; };
		FFC443452505CE9C004A04E9 /* Actions.swift */ = {isa = PBXFileReference; lastKnownFileType = sourcecode.swift; path = Actions.swift; sourceTree = "<group>"; };
		FFC443472505CEC6004A04E9 /* Reusable.swift */ = {isa = PBXFileReference; lastKnownFileType = sourcecode.swift; path = Reusable.swift; sourceTree = "<group>"; };
		FFC4434B2505CF08004A04E9 /* UIView+Embed.swift */ = {isa = PBXFileReference; lastKnownFileType = sourcecode.swift; path = "UIView+Embed.swift"; sourceTree = "<group>"; };
		FFC443522505D2BA004A04E9 /* APIManaging.swift */ = {isa = PBXFileReference; lastKnownFileType = sourcecode.swift; path = APIManaging.swift; sourceTree = "<group>"; };
		FFC443542505D2F7004A04E9 /* HTTPMethod.swift */ = {isa = PBXFileReference; lastKnownFileType = sourcecode.swift; path = HTTPMethod.swift; sourceTree = "<group>"; };
		FFC443562505D30B004A04E9 /* HTTPHeader.swift */ = {isa = PBXFileReference; lastKnownFileType = sourcecode.swift; path = HTTPHeader.swift; sourceTree = "<group>"; };
		FFC443582505D34E004A04E9 /* DataResult.swift */ = {isa = PBXFileReference; lastKnownFileType = sourcecode.swift; path = DataResult.swift; sourceTree = "<group>"; };
		FFC4435A2505D3CD004A04E9 /* API.swift */ = {isa = PBXFileReference; lastKnownFileType = sourcecode.swift; path = API.swift; sourceTree = "<group>"; };
		FFC4435F2505D563004A04E9 /* AboutViewController.swift */ = {isa = PBXFileReference; lastKnownFileType = sourcecode.swift; path = AboutViewController.swift; sourceTree = "<group>"; };
		FFC443612505D563004A04E9 /* AboutPresenter.swift */ = {isa = PBXFileReference; lastKnownFileType = sourcecode.swift; path = AboutPresenter.swift; sourceTree = "<group>"; };
		FFC443662505D5A5004A04E9 /* AboutManager.swift */ = {isa = PBXFileReference; lastKnownFileType = sourcecode.swift; path = AboutManager.swift; sourceTree = "<group>"; };
		FFC443682505D5FE004A04E9 /* Localizable.swift */ = {isa = PBXFileReference; lastKnownFileType = sourcecode.swift; path = Localizable.swift; sourceTree = "<group>"; };
		FFC4436B2505D64C004A04E9 /* Localizable.strings */ = {isa = PBXFileReference; lastKnownFileType = text.plist.strings; path = Localizable.strings; sourceTree = "<group>"; };
		FFC4436E2505D9C1004A04E9 /* AboutCell.swift */ = {isa = PBXFileReference; lastKnownFileType = sourcecode.swift; path = AboutCell.swift; sourceTree = "<group>"; };
		FFC443702505DA45004A04E9 /* About.swift */ = {isa = PBXFileReference; lastKnownFileType = sourcecode.swift; path = About.swift; sourceTree = "<group>"; };
		FFC443742505E97A004A04E9 /* UIRefreshControl+Extensions.swift */ = {isa = PBXFileReference; lastKnownFileType = sourcecode.swift; path = "UIRefreshControl+Extensions.swift"; sourceTree = "<group>"; };
		FFC443762505EB84004A04E9 /* UIImageView+Extensions.swift */ = {isa = PBXFileReference; lastKnownFileType = sourcecode.swift; path = "UIImageView+Extensions.swift"; sourceTree = "<group>"; };
		FFC443782505FA70004A04E9 /* Optional+isNil.swift */ = {isa = PBXFileReference; lastKnownFileType = sourcecode.swift; path = "Optional+isNil.swift"; sourceTree = "<group>"; };
		FFC4437B2506233F004A04E9 /* MockDisplay.swift */ = {isa = PBXFileReference; lastKnownFileType = sourcecode.swift; path = MockDisplay.swift; sourceTree = "<group>"; };
		FFC4437D250623CF004A04E9 /* About+Mock.swift */ = {isa = PBXFileReference; lastKnownFileType = sourcecode.swift; path = "About+Mock.swift"; sourceTree = "<group>"; };
/* End PBXFileReference section */

/* Begin PBXFrameworksBuildPhase section */
		FFC4430B2505CB64004A04E9 /* Frameworks */ = {
			isa = PBXFrameworksBuildPhase;
			buildActionMask = 2147483647;
			files = (
			);
			runOnlyForDeploymentPostprocessing = 0;
		};
		FFC443212505CB65004A04E9 /* Frameworks */ = {
			isa = PBXFrameworksBuildPhase;
			buildActionMask = 2147483647;
			files = (
			);
			runOnlyForDeploymentPostprocessing = 0;
		};
/* End PBXFrameworksBuildPhase section */

/* Begin PBXGroup section */
		FFC443052505CB64004A04E9 = {
			isa = PBXGroup;
			children = (
				FFC443102505CB64004A04E9 /* AboutCanada */,
				FFC443272505CB66004A04E9 /* AboutCanadaTests */,
				FFC4430F2505CB64004A04E9 /* Products */,
			);
			sourceTree = "<group>";
		};
		FFC4430F2505CB64004A04E9 /* Products */ = {
			isa = PBXGroup;
			children = (
				FFC4430E2505CB64004A04E9 /* AboutCanada.app */,
				FFC443242505CB65004A04E9 /* AboutCanadaTests.xctest */,
			);
			name = Products;
			sourceTree = "<group>";
		};
		FFC443102505CB64004A04E9 /* AboutCanada */ = {
			isa = PBXGroup;
			children = (
				FFC4431F2505CB65004A04E9 /* Info.plist */,
				FFC443112505CB64004A04E9 /* AppDelegate.swift */,
				FFC4435C2505D54A004A04E9 /* About */,
				FFC443352505CD13004A04E9 /* Helpers */,
				FFC4431C2505CB65004A04E9 /* LaunchScreen.storyboard */,
				FFC4436A2505D63C004A04E9 /* Resources */,
			);
			path = AboutCanada;
			sourceTree = "<group>";
		};
		FFC443272505CB66004A04E9 /* AboutCanadaTests */ = {
			isa = PBXGroup;
			children = (
				FFC4437A2506232A004A04E9 /* Mocks */,
				FFC443282505CB66004A04E9 /* AboutPresenterTests.swift */,
				FFC4432A2505CB66004A04E9 /* Info.plist */,
			);
			path = AboutCanadaTests;
			sourceTree = "<group>";
		};
		FFC443352505CD13004A04E9 /* Helpers */ = {
			isa = PBXGroup;
			children = (
				FFC443452505CE9C004A04E9 /* Actions.swift */,
				FFC443682505D5FE004A04E9 /* Localizable.swift */,
				FFC443782505FA70004A04E9 /* Optional+isNil.swift */,
				FFC4433B2505CD60004A04E9 /* Display */,
				FFC443512505D29B004A04E9 /* Networking */,
				FFC443422505CE72004A04E9 /* Protocols */,
				FFC443362505CD28004A04E9 /* UIKit */,
			);
			path = Helpers;
			sourceTree = "<group>";
		};
		FFC443362505CD28004A04E9 /* UIKit */ = {
			isa = PBXGroup;
			children = (
				FFC443372505CD47004A04E9 /* UIColor+Extensions.swift */,
				FFC443392505CD56004A04E9 /* UIFont+Extensions.swift */,
				FFC443762505EB84004A04E9 /* UIImageView+Extensions.swift */,
				FFC443742505E97A004A04E9 /* UIRefreshControl+Extensions.swift */,
				FFC4434B2505CF08004A04E9 /* UIView+Embed.swift */,
			);
			name = UIKit;
			sourceTree = "<group>";
		};
		FFC4433B2505CD60004A04E9 /* Display */ = {
			isa = PBXGroup;
			children = (
				FFC4433C2505CD69004A04E9 /* Display.swift */,
				FFC443402505CDD5004A04E9 /* LoadingDisplaying.swift */,
				FFC4433E2505CD92004A04E9 /* TitleDisplaying.swift */,
			);
			name = Display;
			sourceTree = "<group>";
		};
		FFC443422505CE72004A04E9 /* Protocols */ = {
			isa = PBXGroup;
			children = (
				FFC443432505CE82004A04E9 /* CellDisplayable.swift */,
				FFC443472505CEC6004A04E9 /* Reusable.swift */,
			);
			name = Protocols;
			sourceTree = "<group>";
		};
		FFC443512505D29B004A04E9 /* Networking */ = {
			isa = PBXGroup;
			children = (
				FFC4435A2505D3CD004A04E9 /* API.swift */,
				FFC443522505D2BA004A04E9 /* APIManaging.swift */,
				FFC443582505D34E004A04E9 /* DataResult.swift */,
				FFC443562505D30B004A04E9 /* HTTPHeader.swift */,
				FFC443542505D2F7004A04E9 /* HTTPMethod.swift */,
			);
			name = Networking;
			sourceTree = "<group>";
		};
		FFC4435C2505D54A004A04E9 /* About */ = {
			isa = PBXGroup;
			children = (
				FFC4435D2505D554004A04E9 /* API */,
				FFC4436D2505D9B4004A04E9 /* Cells */,
				FFC443732505E151004A04E9 /* Presenter */,
				FFC443722505E146004A04E9 /* View */,
			);
			path = About;
			sourceTree = "<group>";
		};
		FFC4435D2505D554004A04E9 /* API */ = {
			isa = PBXGroup;
			children = (
				FFC443702505DA45004A04E9 /* About.swift */,
				FFC443662505D5A5004A04E9 /* AboutManager.swift */,
			);
			name = API;
			sourceTree = "<group>";
		};
		FFC4436A2505D63C004A04E9 /* Resources */ = {
			isa = PBXGroup;
			children = (
				FFC4436B2505D64C004A04E9 /* Localizable.strings */,
				FFC4431A2505CB65004A04E9 /* Assets.xcassets */,
			);
			path = Resources;
			sourceTree = "<group>";
		};
		FFC4436D2505D9B4004A04E9 /* Cells */ = {
			isa = PBXGroup;
			children = (
				FFC4436E2505D9C1004A04E9 /* AboutCell.swift */,
			);
			name = Cells;
			sourceTree = "<group>";
		};
		FFC443722505E146004A04E9 /* View */ = {
			isa = PBXGroup;
			children = (
				FFC4435F2505D563004A04E9 /* AboutViewController.swift */,
			);
			name = View;
			sourceTree = "<group>";
		};
		FFC443732505E151004A04E9 /* Presenter */ = {
			isa = PBXGroup;
			children = (
				FFC443612505D563004A04E9 /* AboutPresenter.swift */,
			);
			name = Presenter;
			sourceTree = "<group>";
		};
		FFC4437A2506232A004A04E9 /* Mocks */ = {
			isa = PBXGroup;
			children = (
				FFC4437B2506233F004A04E9 /* MockDisplay.swift */,
				FFC4437D250623CF004A04E9 /* About+Mock.swift */,
			);
			path = Mocks;
			sourceTree = "<group>";
		};
/* End PBXGroup section */

/* Begin PBXNativeTarget section */
		FFC4430D2505CB64004A04E9 /* AboutCanada */ = {
			isa = PBXNativeTarget;
			buildConfigurationList = FFC4432D2505CB66004A04E9 /* Build configuration list for PBXNativeTarget "AboutCanada" */;
			buildPhases = (
				FFC4430A2505CB64004A04E9 /* Sources */,
				FFC4430B2505CB64004A04E9 /* Frameworks */,
				FFC4430C2505CB64004A04E9 /* Resources */,
				FFC443332505CBE0004A04E9 /* Run Swift Format */,
				FFC443342505CBE8004A04E9 /* Run Swift Lint */,
			);
			buildRules = (
			);
			dependencies = (
			);
			name = AboutCanada;
			productName = AboutCanada;
			productReference = FFC4430E2505CB64004A04E9 /* AboutCanada.app */;
			productType = "com.apple.product-type.application";
		};
		FFC443232505CB65004A04E9 /* AboutCanadaTests */ = {
			isa = PBXNativeTarget;
			buildConfigurationList = FFC443302505CB66004A04E9 /* Build configuration list for PBXNativeTarget "AboutCanadaTests" */;
			buildPhases = (
				FFC443202505CB65004A04E9 /* Sources */,
				FFC443212505CB65004A04E9 /* Frameworks */,
				FFC443222505CB65004A04E9 /* Resources */,
			);
			buildRules = (
			);
			dependencies = (
				FFC443262505CB65004A04E9 /* PBXTargetDependency */,
			);
			name = AboutCanadaTests;
			productName = AboutCanadaTests;
			productReference = FFC443242505CB65004A04E9 /* AboutCanadaTests.xctest */;
			productType = "com.apple.product-type.bundle.unit-test";
		};
/* End PBXNativeTarget section */

/* Begin PBXProject section */
		FFC443062505CB64004A04E9 /* Project object */ = {
			isa = PBXProject;
			attributes = {
				LastSwiftUpdateCheck = 1160;
				LastUpgradeCheck = 1160;
				ORGANIZATIONNAME = "Mathew, Noble";
				TargetAttributes = {
					FFC4430D2505CB64004A04E9 = {
						CreatedOnToolsVersion = 11.6;
					};
					FFC443232505CB65004A04E9 = {
						CreatedOnToolsVersion = 11.6;
						TestTargetID = FFC4430D2505CB64004A04E9;
					};
				};
			};
			buildConfigurationList = FFC443092505CB64004A04E9 /* Build configuration list for PBXProject "AboutCanada" */;
			compatibilityVersion = "Xcode 9.3";
			developmentRegion = en;
			hasScannedForEncodings = 0;
			knownRegions = (
				en,
				Base,
			);
			mainGroup = FFC443052505CB64004A04E9;
			productRefGroup = FFC4430F2505CB64004A04E9 /* Products */;
			projectDirPath = "";
			projectRoot = "";
			targets = (
				FFC4430D2505CB64004A04E9 /* AboutCanada */,
				FFC443232505CB65004A04E9 /* AboutCanadaTests */,
			);
		};
/* End PBXProject section */

/* Begin PBXResourcesBuildPhase section */
		FFC4430C2505CB64004A04E9 /* Resources */ = {
			isa = PBXResourcesBuildPhase;
			buildActionMask = 2147483647;
			files = (
				FFC4431E2505CB65004A04E9 /* LaunchScreen.storyboard in Resources */,
				FFC4436C2505D64C004A04E9 /* Localizable.strings in Resources */,
				FFC4431B2505CB65004A04E9 /* Assets.xcassets in Resources */,
			);
			runOnlyForDeploymentPostprocessing = 0;
		};
		FFC443222505CB65004A04E9 /* Resources */ = {
			isa = PBXResourcesBuildPhase;
			buildActionMask = 2147483647;
			files = (
			);
			runOnlyForDeploymentPostprocessing = 0;
		};
/* End PBXResourcesBuildPhase section */

/* Begin PBXShellScriptBuildPhase section */
		FFC443332505CBE0004A04E9 /* Run Swift Format */ = {
			isa = PBXShellScriptBuildPhase;
			buildActionMask = 2147483647;
			files = (
			);
			inputFileListPaths = (
			);
			inputPaths = (
			);
			name = "Run Swift Format";
			outputFileListPaths = (
			);
			outputPaths = (
			);
			runOnlyForDeploymentPostprocessing = 0;
			shellPath = /bin/sh;
			shellScript = "if which swiftformat >/dev/null; then\n  swiftformat . --config .swiftformat\nelse\n  echo \"SwiftFormat not installed\"\nfi\n";
		};
		FFC443342505CBE8004A04E9 /* Run Swift Lint */ = {
			isa = PBXShellScriptBuildPhase;
			buildActionMask = 2147483647;
			files = (
			);
			inputFileListPaths = (
			);
			inputPaths = (
			);
			name = "Run Swift Lint";
			outputFileListPaths = (
			);
			outputPaths = (
			);
			runOnlyForDeploymentPostprocessing = 0;
			shellPath = /bin/sh;
			shellScript = "if which swiftlint >/dev/null; then\n  swiftlint\nelse\n  echo \"SwiftLint not installed\"\nfi\n";
		};
/* End PBXShellScriptBuildPhase section */

/* Begin PBXSourcesBuildPhase section */
		FFC4430A2505CB64004A04E9 /* Sources */ = {
			isa = PBXSourcesBuildPhase;
			buildActionMask = 2147483647;
			files = (
				FFC443442505CE82004A04E9 /* CellDisplayable.swift in Sources */,
				FFC443462505CE9C004A04E9 /* Actions.swift in Sources */,
				FFC443692505D5FE004A04E9 /* Localizable.swift in Sources */,
				FFC443552505D2F7004A04E9 /* HTTPMethod.swift in Sources */,
				FFC443592505D34E004A04E9 /* DataResult.swift in Sources */,
				FFC4433F2505CD92004A04E9 /* TitleDisplaying.swift in Sources */,
				FFC443672505D5A5004A04E9 /* AboutManager.swift in Sources */,
				FFC443752505E97A004A04E9 /* UIRefreshControl+Extensions.swift in Sources */,
				FFC443772505EB84004A04E9 /* UIImageView+Extensions.swift in Sources */,
				FFC443482505CEC6004A04E9 /* Reusable.swift in Sources */,
				FFC443122505CB64004A04E9 /* AppDelegate.swift in Sources */,
				FFC4433A2505CD56004A04E9 /* UIFont+Extensions.swift in Sources */,
				FFC443652505D563004A04E9 /* AboutPresenter.swift in Sources */,
				FFC4433D2505CD69004A04E9 /* Display.swift in Sources */,
				FFC443632505D563004A04E9 /* AboutViewController.swift in Sources */,
				FFC443412505CDD5004A04E9 /* LoadingDisplaying.swift in Sources */,
				FFC443532505D2BA004A04E9 /* APIManaging.swift in Sources */,
				FFC443382505CD47004A04E9 /* UIColor+Extensions.swift in Sources */,
				FFC443712505DA45004A04E9 /* About.swift in Sources */,
				FFC443572505D30B004A04E9 /* HTTPHeader.swift in Sources */,
				FFC4436F2505D9C1004A04E9 /* AboutCell.swift in Sources */,
				FFC4435B2505D3CD004A04E9 /* API.swift in Sources */,
				FFC4434C2505CF08004A04E9 /* UIView+Embed.swift in Sources */,
				FFC443792505FA70004A04E9 /* Optional+isNil.swift in Sources */,
			);
			runOnlyForDeploymentPostprocessing = 0;
		};
		FFC443202505CB65004A04E9 /* Sources */ = {
			isa = PBXSourcesBuildPhase;
			buildActionMask = 2147483647;
			files = (
				FFC4437E250623CF004A04E9 /* About+Mock.swift in Sources */,
				FFC4437C2506233F004A04E9 /* MockDisplay.swift in Sources */,
				FFC443292505CB66004A04E9 /* AboutPresenterTests.swift in Sources */,
			);
			runOnlyForDeploymentPostprocessing = 0;
		};
/* End PBXSourcesBuildPhase section */

/* Begin PBXTargetDependency section */
		FFC443262505CB65004A04E9 /* PBXTargetDependency */ = {
			isa = PBXTargetDependency;
			target = FFC4430D2505CB64004A04E9 /* AboutCanada */;
			targetProxy = FFC443252505CB65004A04E9 /* PBXContainerItemProxy */;
		};
/* End PBXTargetDependency section */

/* Begin PBXVariantGroup section */
		FFC4431C2505CB65004A04E9 /* LaunchScreen.storyboard */ = {
			isa = PBXVariantGroup;
			children = (
				FFC4431D2505CB65004A04E9 /* Base */,
			);
			name = LaunchScreen.storyboard;
			sourceTree = "<group>";
		};
/* End PBXVariantGroup section */

/* Begin XCBuildConfiguration section */
		FFC4432B2505CB66004A04E9 /* Debug */ = {
			isa = XCBuildConfiguration;
			buildSettings = {
				ALWAYS_SEARCH_USER_PATHS = NO;
				CLANG_ANALYZER_NONNULL = YES;
				CLANG_ANALYZER_NUMBER_OBJECT_CONVERSION = YES_AGGRESSIVE;
				CLANG_CXX_LANGUAGE_STANDARD = "gnu++14";
				CLANG_CXX_LIBRARY = "libc++";
				CLANG_ENABLE_MODULES = YES;
				CLANG_ENABLE_OBJC_ARC = YES;
				CLANG_ENABLE_OBJC_WEAK = YES;
				CLANG_WARN_BLOCK_CAPTURE_AUTORELEASING = YES;
				CLANG_WARN_BOOL_CONVERSION = YES;
				CLANG_WARN_COMMA = YES;
				CLANG_WARN_CONSTANT_CONVERSION = YES;
				CLANG_WARN_DEPRECATED_OBJC_IMPLEMENTATIONS = YES;
				CLANG_WARN_DIRECT_OBJC_ISA_USAGE = YES_ERROR;
				CLANG_WARN_DOCUMENTATION_COMMENTS = YES;
				CLANG_WARN_EMPTY_BODY = YES;
				CLANG_WARN_ENUM_CONVERSION = YES;
				CLANG_WARN_INFINITE_RECURSION = YES;
				CLANG_WARN_INT_CONVERSION = YES;
				CLANG_WARN_NON_LITERAL_NULL_CONVERSION = YES;
				CLANG_WARN_OBJC_IMPLICIT_RETAIN_SELF = YES;
				CLANG_WARN_OBJC_LITERAL_CONVERSION = YES;
				CLANG_WARN_OBJC_ROOT_CLASS = YES_ERROR;
				CLANG_WARN_RANGE_LOOP_ANALYSIS = YES;
				CLANG_WARN_STRICT_PROTOTYPES = YES;
				CLANG_WARN_SUSPICIOUS_MOVE = YES;
				CLANG_WARN_UNGUARDED_AVAILABILITY = YES_AGGRESSIVE;
				CLANG_WARN_UNREACHABLE_CODE = YES;
				CLANG_WARN__DUPLICATE_METHOD_MATCH = YES;
				COPY_PHASE_STRIP = NO;
				DEBUG_INFORMATION_FORMAT = dwarf;
				ENABLE_STRICT_OBJC_MSGSEND = YES;
				ENABLE_TESTABILITY = YES;
				GCC_C_LANGUAGE_STANDARD = gnu11;
				GCC_DYNAMIC_NO_PIC = NO;
				GCC_NO_COMMON_BLOCKS = YES;
				GCC_OPTIMIZATION_LEVEL = 0;
				GCC_PREPROCESSOR_DEFINITIONS = (
					"DEBUG=1",
					"$(inherited)",
				);
				GCC_WARN_64_TO_32_BIT_CONVERSION = YES;
				GCC_WARN_ABOUT_RETURN_TYPE = YES_ERROR;
				GCC_WARN_UNDECLARED_SELECTOR = YES;
				GCC_WARN_UNINITIALIZED_AUTOS = YES_AGGRESSIVE;
				GCC_WARN_UNUSED_FUNCTION = YES;
				GCC_WARN_UNUSED_VARIABLE = YES;
				IPHONEOS_DEPLOYMENT_TARGET = 11.0;
				MTL_ENABLE_DEBUG_INFO = INCLUDE_SOURCE;
				MTL_FAST_MATH = YES;
				ONLY_ACTIVE_ARCH = YES;
				SDKROOT = iphoneos;
				SWIFT_ACTIVE_COMPILATION_CONDITIONS = DEBUG;
				SWIFT_OPTIMIZATION_LEVEL = "-Onone";
			};
			name = Debug;
		};
		FFC4432C2505CB66004A04E9 /* Release */ = {
			isa = XCBuildConfiguration;
			buildSettings = {
				ALWAYS_SEARCH_USER_PATHS = NO;
				CLANG_ANALYZER_NONNULL = YES;
				CLANG_ANALYZER_NUMBER_OBJECT_CONVERSION = YES_AGGRESSIVE;
				CLANG_CXX_LANGUAGE_STANDARD = "gnu++14";
				CLANG_CXX_LIBRARY = "libc++";
				CLANG_ENABLE_MODULES = YES;
				CLANG_ENABLE_OBJC_ARC = YES;
				CLANG_ENABLE_OBJC_WEAK = YES;
				CLANG_WARN_BLOCK_CAPTURE_AUTORELEASING = YES;
				CLANG_WARN_BOOL_CONVERSION = YES;
				CLANG_WARN_COMMA = YES;
				CLANG_WARN_CONSTANT_CONVERSION = YES;
				CLANG_WARN_DEPRECATED_OBJC_IMPLEMENTATIONS = YES;
				CLANG_WARN_DIRECT_OBJC_ISA_USAGE = YES_ERROR;
				CLANG_WARN_DOCUMENTATION_COMMENTS = YES;
				CLANG_WARN_EMPTY_BODY = YES;
				CLANG_WARN_ENUM_CONVERSION = YES;
				CLANG_WARN_INFINITE_RECURSION = YES;
				CLANG_WARN_INT_CONVERSION = YES;
				CLANG_WARN_NON_LITERAL_NULL_CONVERSION = YES;
				CLANG_WARN_OBJC_IMPLICIT_RETAIN_SELF = YES;
				CLANG_WARN_OBJC_LITERAL_CONVERSION = YES;
				CLANG_WARN_OBJC_ROOT_CLASS = YES_ERROR;
				CLANG_WARN_RANGE_LOOP_ANALYSIS = YES;
				CLANG_WARN_STRICT_PROTOTYPES = YES;
				CLANG_WARN_SUSPICIOUS_MOVE = YES;
				CLANG_WARN_UNGUARDED_AVAILABILITY = YES_AGGRESSIVE;
				CLANG_WARN_UNREACHABLE_CODE = YES;
				CLANG_WARN__DUPLICATE_METHOD_MATCH = YES;
				COPY_PHASE_STRIP = NO;
				DEBUG_INFORMATION_FORMAT = "dwarf-with-dsym";
				ENABLE_NS_ASSERTIONS = NO;
				ENABLE_STRICT_OBJC_MSGSEND = YES;
				GCC_C_LANGUAGE_STANDARD = gnu11;
				GCC_NO_COMMON_BLOCKS = YES;
				GCC_WARN_64_TO_32_BIT_CONVERSION = YES;
				GCC_WARN_ABOUT_RETURN_TYPE = YES_ERROR;
				GCC_WARN_UNDECLARED_SELECTOR = YES;
				GCC_WARN_UNINITIALIZED_AUTOS = YES_AGGRESSIVE;
				GCC_WARN_UNUSED_FUNCTION = YES;
				GCC_WARN_UNUSED_VARIABLE = YES;
				IPHONEOS_DEPLOYMENT_TARGET = 11.0;
				MTL_ENABLE_DEBUG_INFO = NO;
				MTL_FAST_MATH = YES;
				SDKROOT = iphoneos;
				SWIFT_COMPILATION_MODE = wholemodule;
				SWIFT_OPTIMIZATION_LEVEL = "-O";
				VALIDATE_PRODUCT = YES;
			};
			name = Release;
		};
		FFC4432E2505CB66004A04E9 /* Debug */ = {
			isa = XCBuildConfiguration;
			buildSettings = {
				ASSETCATALOG_COMPILER_APPICON_NAME = AppIcon;
				CODE_SIGN_STYLE = Automatic;
				DEVELOPMENT_TEAM = 6W84TNNHD6;
				INFOPLIST_FILE = AboutCanada/Info.plist;
				IPHONEOS_DEPLOYMENT_TARGET = 11.0;
				LD_RUNPATH_SEARCH_PATHS = (
					"$(inherited)",
					"@executable_path/Frameworks",
				);
				PRODUCT_BUNDLE_IDENTIFIER = com.ntech.AboutCanada;
				PRODUCT_NAME = "$(TARGET_NAME)";
				SWIFT_VERSION = 5.0;
				TARGETED_DEVICE_FAMILY = "1,2";
			};
			name = Debug;
		};
		FFC4432F2505CB66004A04E9 /* Release */ = {
			isa = XCBuildConfiguration;
			buildSettings = {
				ASSETCATALOG_COMPILER_APPICON_NAME = AppIcon;
				CODE_SIGN_STYLE = Automatic;
				DEVELOPMENT_TEAM = 6W84TNNHD6;
				INFOPLIST_FILE = AboutCanada/Info.plist;
				IPHONEOS_DEPLOYMENT_TARGET = 11.0;
				LD_RUNPATH_SEARCH_PATHS = (
					"$(inherited)",
					"@executable_path/Frameworks",
				);
				PRODUCT_BUNDLE_IDENTIFIER = com.ntech.AboutCanada;
				PRODUCT_NAME = "$(TARGET_NAME)";
				SWIFT_VERSION = 5.0;
				TARGETED_DEVICE_FAMILY = "1,2";
			};
			name = Release;
		};
		FFC443312505CB66004A04E9 /* Debug */ = {
			isa = XCBuildConfiguration;
			buildSettings = {
				ALWAYS_EMBED_SWIFT_STANDARD_LIBRARIES = YES;
				BUNDLE_LOADER = "$(TEST_HOST)";
				CODE_SIGN_STYLE = Automatic;
				DEVELOPMENT_TEAM = 6W84TNNHD6;
				INFOPLIST_FILE = AboutCanadaTests/Info.plist;
				IPHONEOS_DEPLOYMENT_TARGET = 13.6;
				LD_RUNPATH_SEARCH_PATHS = (
					"$(inherited)",
					"@executable_path/Frameworks",
					"@loader_path/Frameworks",
				);
				PRODUCT_BUNDLE_IDENTIFIER = com.ntech.AboutCanadaTests;
				PRODUCT_NAME = "$(TARGET_NAME)";
				SWIFT_VERSION = 5.0;
				TARGETED_DEVICE_FAMILY = "1,2";
				TEST_HOST = "$(BUILT_PRODUCTS_DIR)/AboutCanada.app/AboutCanada";
			};
			name = Debug;
		};
		FFC443322505CB66004A04E9 /* Release */ = {
			isa = XCBuildConfiguration;
			buildSettings = {
				ALWAYS_EMBED_SWIFT_STANDARD_LIBRARIES = YES;
				BUNDLE_LOADER = "$(TEST_HOST)";
				CODE_SIGN_STYLE = Automatic;
				DEVELOPMENT_TEAM = 6W84TNNHD6;
				INFOPLIST_FILE = AboutCanadaTests/Info.plist;
				IPHONEOS_DEPLOYMENT_TARGET = 13.6;
				LD_RUNPATH_SEARCH_PATHS = (
					"$(inherited)",
					"@executable_path/Frameworks",
					"@loader_path/Frameworks",
				);
				PRODUCT_BUNDLE_IDENTIFIER = com.ntech.AboutCanadaTests;
				PRODUCT_NAME = "$(TARGET_NAME)";
				SWIFT_VERSION = 5.0;
				TARGETED_DEVICE_FAMILY = "1,2";
				TEST_HOST = "$(BUILT_PRODUCTS_DIR)/AboutCanada.app/AboutCanada";
			};
			name = Release;
		};
/* End XCBuildConfiguration section */

/* Begin XCConfigurationList section */
		FFC443092505CB64004A04E9 /* Build configuration list for PBXProject "AboutCanada" */ = {
			isa = XCConfigurationList;
			buildConfigurations = (
				FFC4432B2505CB66004A04E9 /* Debug */,
				FFC4432C2505CB66004A04E9 /* Release */,
			);
			defaultConfigurationIsVisible = 0;
			defaultConfigurationName = Release;
		};
		FFC4432D2505CB66004A04E9 /* Build configuration list for PBXNativeTarget "AboutCanada" */ = {
			isa = XCConfigurationList;
			buildConfigurations = (
				FFC4432E2505CB66004A04E9 /* Debug */,
				FFC4432F2505CB66004A04E9 /* Release */,
			);
			defaultConfigurationIsVisible = 0;
			defaultConfigurationName = Release;
		};
		FFC443302505CB66004A04E9 /* Build configuration list for PBXNativeTarget "AboutCanadaTests" */ = {
			isa = XCConfigurationList;
			buildConfigurations = (
				FFC443312505CB66004A04E9 /* Debug */,
				FFC443322505CB66004A04E9 /* Release */,
			);
			defaultConfigurationIsVisible = 0;
			defaultConfigurationName = Release;
		};
/* End XCConfigurationList section */
	};
	rootObject = FFC443062505CB64004A04E9 /* Project object */;
}
